// !$*UTF8*$!
{
	archiveVersion = 1;
	classes = {
	};
	objectVersion = 77;
	objects = {

/* Begin PBXContainerItemProxy section */
		D399EE682CF3A9E800C3BE71 /* PBXContainerItemProxy */ = {
			isa = PBXContainerItemProxy;
			containerPortal = D399EE4F2CF3A9E600C3BE71 /* Project object */;
			proxyType = 1;
			remoteGlobalIDString = D399EE562CF3A9E600C3BE71;
			remoteInfo = "SwiftUI-ToDoList";
		};
		D399EE722CF3A9E800C3BE71 /* PBXContainerItemProxy */ = {
			isa = PBXContainerItemProxy;
			containerPortal = D399EE4F2CF3A9E600C3BE71 /* Project object */;
			proxyType = 1;
			remoteGlobalIDString = D399EE562CF3A9E600C3BE71;
			remoteInfo = "SwiftUI-ToDoList";
		};
/* End PBXContainerItemProxy section */

/* Begin PBXFileReference section */
		D399EE572CF3A9E600C3BE71 /* SwiftUI-ToDoList.app */ = {isa = PBXFileReference; explicitFileType = wrapper.application; includeInIndex = 0; path = "SwiftUI-ToDoList.app"; sourceTree = BUILT_PRODUCTS_DIR; };
		D399EE672CF3A9E800C3BE71 /* SwiftUI-ToDoListTests.xctest */ = {isa = PBXFileReference; explicitFileType = wrapper.cfbundle; includeInIndex = 0; path = "SwiftUI-ToDoListTests.xctest"; sourceTree = BUILT_PRODUCTS_DIR; };
		D399EE712CF3A9E800C3BE71 /* SwiftUI-ToDoListUITests.xctest */ = {isa = PBXFileReference; explicitFileType = wrapper.cfbundle; includeInIndex = 0; path = "SwiftUI-ToDoListUITests.xctest"; sourceTree = BUILT_PRODUCTS_DIR; };
/* End PBXFileReference section */

/* Begin PBXFileSystemSynchronizedRootGroup section */
		D399EE592CF3A9E600C3BE71 /* SwiftUI-ToDoList */ = {
			isa = PBXFileSystemSynchronizedRootGroup;
			path = "SwiftUI-ToDoList";
			sourceTree = "<group>";
		};
		D399EE6A2CF3A9E800C3BE71 /* SwiftUI-ToDoListTests */ = {
			isa = PBXFileSystemSynchronizedRootGroup;
			path = "SwiftUI-ToDoListTests";
			sourceTree = "<group>";
		};
		D399EE742CF3A9E800C3BE71 /* SwiftUI-ToDoListUITests */ = {
			isa = PBXFileSystemSynchronizedRootGroup;
			path = "SwiftUI-ToDoListUITests";
			sourceTree = "<group>";
		};
/* End PBXFileSystemSynchronizedRootGroup section */

/* Begin PBXFrameworksBuildPhase section */
		D399EE542CF3A9E600C3BE71 /* Frameworks */ = {
			isa = PBXFrameworksBuildPhase;
			buildActionMask = 2147483647;
			files = (
			);
			runOnlyForDeploymentPostprocessing = 0;
		};
		D399EE642CF3A9E800C3BE71 /* Frameworks */ = {
			isa = PBXFrameworksBuildPhase;
			buildActionMask = 2147483647;
			files = (
			);
			runOnlyForDeploymentPostprocessing = 0;
		};
		D399EE6E2CF3A9E800C3BE71 /* Frameworks */ = {
			isa = PBXFrameworksBuildPhase;
			buildActionMask = 2147483647;
			files = (
			);
			runOnlyForDeploymentPostprocessing = 0;
		};
/* End PBXFrameworksBuildPhase section */

/* Begin PBXGroup section */
		D399EE4E2CF3A9E600C3BE71 = {
			isa = PBXGroup;
			children = (
				D399EE592CF3A9E600C3BE71 /* SwiftUI-ToDoList */,
				D399EE6A2CF3A9E800C3BE71 /* SwiftUI-ToDoListTests */,
				D399EE742CF3A9E800C3BE71 /* SwiftUI-ToDoListUITests */,
				D399EE582CF3A9E600C3BE71 /* Products */,
			);
			sourceTree = "<group>";
		};
		D399EE582CF3A9E600C3BE71 /* Products */ = {
			isa = PBXGroup;
			children = (
				D399EE572CF3A9E600C3BE71 /* SwiftUI-ToDoList.app */,
				D399EE672CF3A9E800C3BE71 /* SwiftUI-ToDoListTests.xctest */,
				D399EE712CF3A9E800C3BE71 /* SwiftUI-ToDoListUITests.xctest */,
			);
			name = Products;
			sourceTree = "<group>";
		};
/* End PBXGroup section */

/* Begin PBXNativeTarget section */
		D399EE562CF3A9E600C3BE71 /* SwiftUI-ToDoList */ = {
			isa = PBXNativeTarget;
			buildConfigurationList = D399EE7B2CF3A9E800C3BE71 /* Build configuration list for PBXNativeTarget "SwiftUI-ToDoList" */;
			buildPhases = (
				D399EE532CF3A9E600C3BE71 /* Sources */,
				D399EE542CF3A9E600C3BE71 /* Frameworks */,
				D399EE552CF3A9E600C3BE71 /* Resources */,
			);
			buildRules = (
			);
			dependencies = (
			);
			fileSystemSynchronizedGroups = (
				D399EE592CF3A9E600C3BE71 /* SwiftUI-ToDoList */,
			);
			name = "SwiftUI-ToDoList";
			packageProductDependencies = (
			);
			productName = "SwiftUI-ToDoList";
			productReference = D399EE572CF3A9E600C3BE71 /* SwiftUI-ToDoList.app */;
			productType = "com.apple.product-type.application";
		};
		D399EE662CF3A9E800C3BE71 /* SwiftUI-ToDoListTests */ = {
			isa = PBXNativeTarget;
			buildConfigurationList = D399EE7E2CF3A9E800C3BE71 /* Build configuration list for PBXNativeTarget "SwiftUI-ToDoListTests" */;
			buildPhases = (
				D399EE632CF3A9E800C3BE71 /* Sources */,
				D399EE642CF3A9E800C3BE71 /* Frameworks */,
				D399EE652CF3A9E800C3BE71 /* Resources */,
			);
			buildRules = (
			);
			dependencies = (
				D399EE692CF3A9E800C3BE71 /* PBXTargetDependency */,
			);
			fileSystemSynchronizedGroups = (
				D399EE6A2CF3A9E800C3BE71 /* SwiftUI-ToDoListTests */,
			);
			name = "SwiftUI-ToDoListTests";
			packageProductDependencies = (
			);
			productName = "SwiftUI-ToDoListTests";
			productReference = D399EE672CF3A9E800C3BE71 /* SwiftUI-ToDoListTests.xctest */;
			productType = "com.apple.product-type.bundle.unit-test";
		};
		D399EE702CF3A9E800C3BE71 /* SwiftUI-ToDoListUITests */ = {
			isa = PBXNativeTarget;
			buildConfigurationList = D399EE812CF3A9E800C3BE71 /* Build configuration list for PBXNativeTarget "SwiftUI-ToDoListUITests" */;
			buildPhases = (
				D399EE6D2CF3A9E800C3BE71 /* Sources */,
				D399EE6E2CF3A9E800C3BE71 /* Frameworks */,
				D399EE6F2CF3A9E800C3BE71 /* Resources */,
			);
			buildRules = (
			);
			dependencies = (
				D399EE732CF3A9E800C3BE71 /* PBXTargetDependency */,
			);
			fileSystemSynchronizedGroups = (
				D399EE742CF3A9E800C3BE71 /* SwiftUI-ToDoListUITests */,
			);
			name = "SwiftUI-ToDoListUITests";
			packageProductDependencies = (
			);
			productName = "SwiftUI-ToDoListUITests";
			productReference = D399EE712CF3A9E800C3BE71 /* SwiftUI-ToDoListUITests.xctest */;
			productType = "com.apple.product-type.bundle.ui-testing";
		};
/* End PBXNativeTarget section */

/* Begin PBXProject section */
		D399EE4F2CF3A9E600C3BE71 /* Project object */ = {
			isa = PBXProject;
			attributes = {
				BuildIndependentTargetsInParallel = 1;
				LastSwiftUpdateCheck = 1600;
				LastUpgradeCheck = 1600;
				TargetAttributes = {
					D399EE562CF3A9E600C3BE71 = {
						CreatedOnToolsVersion = 16.0;
					};
					D399EE662CF3A9E800C3BE71 = {
						CreatedOnToolsVersion = 16.0;
						TestTargetID = D399EE562CF3A9E600C3BE71;
					};
					D399EE702CF3A9E800C3BE71 = {
						CreatedOnToolsVersion = 16.0;
						TestTargetID = D399EE562CF3A9E600C3BE71;
					};
				};
			};
			buildConfigurationList = D399EE522CF3A9E600C3BE71 /* Build configuration list for PBXProject "SwiftUI-ToDoList" */;
			developmentRegion = en;
			hasScannedForEncodings = 0;
			knownRegions = (
				en,
				Base,
			);
			mainGroup = D399EE4E2CF3A9E600C3BE71;
			minimizedProjectReferenceProxies = 1;
			preferredProjectObjectVersion = 77;
			productRefGroup = D399EE582CF3A9E600C3BE71 /* Products */;
			projectDirPath = "";
			projectRoot = "";
			targets = (
				D399EE562CF3A9E600C3BE71 /* SwiftUI-ToDoList */,
				D399EE662CF3A9E800C3BE71 /* SwiftUI-ToDoListTests */,
				D399EE702CF3A9E800C3BE71 /* SwiftUI-ToDoListUITests */,
			);
		};
/* End PBXProject section */

/* Begin PBXResourcesBuildPhase section */
		D399EE552CF3A9E600C3BE71 /* Resources */ = {
			isa = PBXResourcesBuildPhase;
			buildActionMask = 2147483647;
			files = (
			);
			runOnlyForDeploymentPostprocessing = 0;
		};
		D399EE652CF3A9E800C3BE71 /* Resources */ = {
			isa = PBXResourcesBuildPhase;
			buildActionMask = 2147483647;
			files = (
			);
			runOnlyForDeploymentPostprocessing = 0;
		};
		D399EE6F2CF3A9E800C3BE71 /* Resources */ = {
			isa = PBXResourcesBuildPhase;
			buildActionMask = 2147483647;
			files = (
			);
			runOnlyForDeploymentPostprocessing = 0;
		};
/* End PBXResourcesBuildPhase section */

/* Begin PBXSourcesBuildPhase section */
		D399EE532CF3A9E600C3BE71 /* Sources */ = {
			isa = PBXSourcesBuildPhase;
			buildActionMask = 2147483647;
			files = (
			);
			runOnlyForDeploymentPostprocessing = 0;
		};
		D399EE632CF3A9E800C3BE71 /* Sources */ = {
			isa = PBXSourcesBuildPhase;
			buildActionMask = 2147483647;
			files = (
			);
			runOnlyForDeploymentPostprocessing = 0;
		};
		D399EE6D2CF3A9E800C3BE71 /* Sources */ = {
			isa = PBXSourcesBuildPhase;
			buildActionMask = 2147483647;
			files = (
			);
			runOnlyForDeploymentPostprocessing = 0;
		};
/* End PBXSourcesBuildPhase section */

/* Begin PBXTargetDependency section */
		D399EE692CF3A9E800C3BE71 /* PBXTargetDependency */ = {
			isa = PBXTargetDependency;
			target = D399EE562CF3A9E600C3BE71 /* SwiftUI-ToDoList */;
			targetProxy = D399EE682CF3A9E800C3BE71 /* PBXContainerItemProxy */;
		};
		D399EE732CF3A9E800C3BE71 /* PBXTargetDependency */ = {
			isa = PBXTargetDependency;
			target = D399EE562CF3A9E600C3BE71 /* SwiftUI-ToDoList */;
			targetProxy = D399EE722CF3A9E800C3BE71 /* PBXContainerItemProxy */;
		};
/* End PBXTargetDependency section */

/* Begin XCBuildConfiguration section */
		D399EE792CF3A9E800C3BE71 /* Debug */ = {
			isa = XCBuildConfiguration;
			buildSettings = {
				ALWAYS_SEARCH_USER_PATHS = NO;
				ASSETCATALOG_COMPILER_GENERATE_SWIFT_ASSET_SYMBOL_EXTENSIONS = YES;
				CLANG_ANALYZER_NONNULL = YES;
				CLANG_ANALYZER_NUMBER_OBJECT_CONVERSION = YES_AGGRESSIVE;
				CLANG_CXX_LANGUAGE_STANDARD = "gnu++20";
				CLANG_ENABLE_MODULES = YES;
				CLANG_ENABLE_OBJC_ARC = YES;
				CLANG_ENABLE_OBJC_WEAK = YES;
				CLANG_WARN_BLOCK_CAPTURE_AUTORELEASING = YES;
				CLANG_WARN_BOOL_CONVERSION = YES;
				CLANG_WARN_COMMA = YES;
				CLANG_WARN_CONSTANT_CONVERSION = YES;
				CLANG_WARN_DEPRECATED_OBJC_IMPLEMENTATIONS = YES;
				CLANG_WARN_DIRECT_OBJC_ISA_USAGE = YES_ERROR;
				CLANG_WARN_DOCUMENTATION_COMMENTS = YES;
				CLANG_WARN_EMPTY_BODY = YES;
				CLANG_WARN_ENUM_CONVERSION = YES;
				CLANG_WARN_INFINITE_RECURSION = YES;
				CLANG_WARN_INT_CONVERSION = YES;
				CLANG_WARN_NON_LITERAL_NULL_CONVERSION = YES;
				CLANG_WARN_OBJC_IMPLICIT_RETAIN_SELF = YES;
				CLANG_WARN_OBJC_LITERAL_CONVERSION = YES;
				CLANG_WARN_OBJC_ROOT_CLASS = YES_ERROR;
				CLANG_WARN_QUOTED_INCLUDE_IN_FRAMEWORK_HEADER = YES;
				CLANG_WARN_RANGE_LOOP_ANALYSIS = YES;
				CLANG_WARN_STRICT_PROTOTYPES = YES;
				CLANG_WARN_SUSPICIOUS_MOVE = YES;
				CLANG_WARN_UNGUARDED_AVAILABILITY = YES_AGGRESSIVE;
				CLANG_WARN_UNREACHABLE_CODE = YES;
				CLANG_WARN__DUPLICATE_METHOD_MATCH = YES;
				COPY_PHASE_STRIP = NO;
				DEBUG_INFORMATION_FORMAT = dwarf;
				ENABLE_STRICT_OBJC_MSGSEND = YES;
				ENABLE_TESTABILITY = YES;
				ENABLE_USER_SCRIPT_SANDBOXING = YES;
				GCC_C_LANGUAGE_STANDARD = gnu17;
				GCC_DYNAMIC_NO_PIC = NO;
				GCC_NO_COMMON_BLOCKS = YES;
				GCC_OPTIMIZATION_LEVEL = 0;
				GCC_PREPROCESSOR_DEFINITIONS = (
					"DEBUG=1",
					"$(inherited)",
				);
				GCC_WARN_64_TO_32_BIT_CONVERSION = YES;
				GCC_WARN_ABOUT_RETURN_TYPE = YES_ERROR;
				GCC_WARN_UNDECLARED_SELECTOR = YES;
				GCC_WARN_UNINITIALIZED_AUTOS = YES_AGGRESSIVE;
				GCC_WARN_UNUSED_FUNCTION = YES;
				GCC_WARN_UNUSED_VARIABLE = YES;
				IPHONEOS_DEPLOYMENT_TARGET = 18.0;
				LOCALIZATION_PREFERS_STRING_CATALOGS = YES;
				MTL_ENABLE_DEBUG_INFO = INCLUDE_SOURCE;
				MTL_FAST_MATH = YES;
				ONLY_ACTIVE_ARCH = YES;
				SDKROOT = iphoneos;
				SWIFT_ACTIVE_COMPILATION_CONDITIONS = "DEBUG $(inherited)";
				SWIFT_OPTIMIZATION_LEVEL = "-Onone";
			};
			name = Debug;
		};
		D399EE7A2CF3A9E800C3BE71 /* Release */ = {
			isa = XCBuildConfiguration;
			buildSettings = {
				ALWAYS_SEARCH_USER_PATHS = NO;
				ASSETCATALOG_COMPILER_GENERATE_SWIFT_ASSET_SYMBOL_EXTENSIONS = YES;
				CLANG_ANALYZER_NONNULL = YES;
				CLANG_ANALYZER_NUMBER_OBJECT_CONVERSION = YES_AGGRESSIVE;
				CLANG_CXX_LANGUAGE_STANDARD = "gnu++20";
				CLANG_ENABLE_MODULES = YES;
				CLANG_ENABLE_OBJC_ARC = YES;
				CLANG_ENABLE_OBJC_WEAK = YES;
				CLANG_WARN_BLOCK_CAPTURE_AUTORELEASING = YES;
				CLANG_WARN_BOOL_CONVERSION = YES;
				CLANG_WARN_COMMA = YES;
				CLANG_WARN_CONSTANT_CONVERSION = YES;
				CLANG_WARN_DEPRECATED_OBJC_IMPLEMENTATIONS = YES;
				CLANG_WARN_DIRECT_OBJC_ISA_USAGE = YES_ERROR;
				CLANG_WARN_DOCUMENTATION_COMMENTS = YES;
				CLANG_WARN_EMPTY_BODY = YES;
				CLANG_WARN_ENUM_CONVERSION = YES;
				CLANG_WARN_INFINITE_RECURSION = YES;
				CLANG_WARN_INT_CONVERSION = YES;
				CLANG_WARN_NON_LITERAL_NULL_CONVERSION = YES;
				CLANG_WARN_OBJC_IMPLICIT_RETAIN_SELF = YES;
				CLANG_WARN_OBJC_LITERAL_CONVERSION = YES;
				CLANG_WARN_OBJC_ROOT_CLASS = YES_ERROR;
				CLANG_WARN_QUOTED_INCLUDE_IN_FRAMEWORK_HEADER = YES;
				CLANG_WARN_RANGE_LOOP_ANALYSIS = YES;
				CLANG_WARN_STRICT_PROTOTYPES = YES;
				CLANG_WARN_SUSPICIOUS_MOVE = YES;
				CLANG_WARN_UNGUARDED_AVAILABILITY = YES_AGGRESSIVE;
				CLANG_WARN_UNREACHABLE_CODE = YES;
				CLANG_WARN__DUPLICATE_METHOD_MATCH = YES;
				COPY_PHASE_STRIP = NO;
				DEBUG_INFORMATION_FORMAT = "dwarf-with-dsym";
				ENABLE_NS_ASSERTIONS = NO;
				ENABLE_STRICT_OBJC_MSGSEND = YES;
				ENABLE_USER_SCRIPT_SANDBOXING = YES;
				GCC_C_LANGUAGE_STANDARD = gnu17;
				GCC_NO_COMMON_BLOCKS = YES;
				GCC_WARN_64_TO_32_BIT_CONVERSION = YES;
				GCC_WARN_ABOUT_RETURN_TYPE = YES_ERROR;
				GCC_WARN_UNDECLARED_SELECTOR = YES;
				GCC_WARN_UNINITIALIZED_AUTOS = YES_AGGRESSIVE;
				GCC_WARN_UNUSED_FUNCTION = YES;
				GCC_WARN_UNUSED_VARIABLE = YES;
				IPHONEOS_DEPLOYMENT_TARGET = 18.0;
				LOCALIZATION_PREFERS_STRING_CATALOGS = YES;
				MTL_ENABLE_DEBUG_INFO = NO;
				MTL_FAST_MATH = YES;
				SDKROOT = iphoneos;
				SWIFT_COMPILATION_MODE = wholemodule;
				VALIDATE_PRODUCT = YES;
			};
			name = Release;
		};
		D399EE7C2CF3A9E800C3BE71 /* Debug */ = {
			isa = XCBuildConfiguration;
			buildSettings = {
				ASSETCATALOG_COMPILER_APPICON_NAME = AppIcon;
				ASSETCATALOG_COMPILER_GLOBAL_ACCENT_COLOR_NAME = AccentColor;
				CODE_SIGN_STYLE = Automatic;
				CURRENT_PROJECT_VERSION = 1;
				DEVELOPMENT_ASSET_PATHS = "\"SwiftUI-ToDoList/Preview Content\"";
				DEVELOPMENT_TEAM = 434X5NLQGF;
				ENABLE_PREVIEWS = YES;
				GENERATE_INFOPLIST_FILE = YES;
				INFOPLIST_KEY_UIApplicationSceneManifest_Generation = YES;
				INFOPLIST_KEY_UIApplicationSupportsIndirectInputEvents = YES;
				INFOPLIST_KEY_UILaunchScreen_Generation = YES;
				INFOPLIST_KEY_UISupportedInterfaceOrientations_iPad = "UIInterfaceOrientationPortrait UIInterfaceOrientationPortraitUpsideDown UIInterfaceOrientationLandscapeLeft UIInterfaceOrientationLandscapeRight";
				INFOPLIST_KEY_UISupportedInterfaceOrientations_iPhone = "UIInterfaceOrientationPortrait UIInterfaceOrientationLandscapeLeft UIInterfaceOrientationLandscapeRight";
				LD_RUNPATH_SEARCH_PATHS = (
					"$(inherited)",
					"@executable_path/Frameworks",
				);
				MARKETING_VERSION = 1.0;
				PRODUCT_BUNDLE_IDENTIFIER = "com.iamageo.SwiftUI-ToDoList";
				PRODUCT_NAME = "$(TARGET_NAME)";
				SWIFT_EMIT_LOC_STRINGS = YES;
				SWIFT_VERSION = 5.0;
				TARGETED_DEVICE_FAMILY = "1,2";
			};
			name = Debug;
		};
		D399EE7D2CF3A9E800C3BE71 /* Release */ = {
			isa = XCBuildConfiguration;
			buildSettings = {
				ASSETCATALOG_COMPILER_APPICON_NAME = AppIcon;
				ASSETCATALOG_COMPILER_GLOBAL_ACCENT_COLOR_NAME = AccentColor;
				CODE_SIGN_STYLE = Automatic;
				CURRENT_PROJECT_VERSION = 1;
				DEVELOPMENT_ASSET_PATHS = "\"SwiftUI-ToDoList/Preview Content\"";
				DEVELOPMENT_TEAM = 434X5NLQGF;
				ENABLE_PREVIEWS = YES;
				GENERATE_INFOPLIST_FILE = YES;
				INFOPLIST_KEY_UIApplicationSceneManifest_Generation = YES;
				INFOPLIST_KEY_UIApplicationSupportsIndirectInputEvents = YES;
				INFOPLIST_KEY_UILaunchScreen_Generation = YES;
				INFOPLIST_KEY_UISupportedInterfaceOrientations_iPad = "UIInterfaceOrientationPortrait UIInterfaceOrientationPortraitUpsideDown UIInterfaceOrientationLandscapeLeft UIInterfaceOrientationLandscapeRight";
				INFOPLIST_KEY_UISupportedInterfaceOrientations_iPhone = "UIInterfaceOrientationPortrait UIInterfaceOrientationLandscapeLeft UIInterfaceOrientationLandscapeRight";
				LD_RUNPATH_SEARCH_PATHS = (
					"$(inherited)",
					"@executable_path/Frameworks",
				);
				MARKETING_VERSION = 1.0;
				PRODUCT_BUNDLE_IDENTIFIER = "com.iamageo.SwiftUI-ToDoList";
				PRODUCT_NAME = "$(TARGET_NAME)";
				SWIFT_EMIT_LOC_STRINGS = YES;
				SWIFT_VERSION = 5.0;
				TARGETED_DEVICE_FAMILY = "1,2";
			};
			name = Release;
		};
		D399EE7F2CF3A9E800C3BE71 /* Debug */ = {
			isa = XCBuildConfiguration;
			buildSettings = {
				BUNDLE_LOADER = "$(TEST_HOST)";
				CODE_SIGN_STYLE = Automatic;
				CURRENT_PROJECT_VERSION = 1;
				DEVELOPMENT_TEAM = 434X5NLQGF;
				GENERATE_INFOPLIST_FILE = YES;
				IPHONEOS_DEPLOYMENT_TARGET = 18.0;
				MARKETING_VERSION = 1.0;
				PRODUCT_BUNDLE_IDENTIFIER = "com.iamageo.SwiftUI-ToDoListTests";
				PRODUCT_NAME = "$(TARGET_NAME)";
				SWIFT_EMIT_LOC_STRINGS = NO;
				SWIFT_VERSION = 5.0;
				TARGETED_DEVICE_FAMILY = "1,2";
				TEST_HOST = "$(BUILT_PRODUCTS_DIR)/SwiftUI-ToDoList.app/$(BUNDLE_EXECUTABLE_FOLDER_PATH)/SwiftUI-ToDoList";
			};
			name = Debug;
		};
		D399EE802CF3A9E800C3BE71 /* Release */ = {
			isa = XCBuildConfiguration;
			buildSettings = {
				BUNDLE_LOADER = "$(TEST_HOST)";
				CODE_SIGN_STYLE = Automatic;
				CURRENT_PROJECT_VERSION = 1;
				DEVELOPMENT_TEAM = 434X5NLQGF;
				GENERATE_INFOPLIST_FILE = YES;
				IPHONEOS_DEPLOYMENT_TARGET = 18.0;
				MARKETING_VERSION = 1.0;
				PRODUCT_BUNDLE_IDENTIFIER = "com.iamageo.SwiftUI-ToDoListTests";
				PRODUCT_NAME = "$(TARGET_NAME)";
				SWIFT_EMIT_LOC_STRINGS = NO;
				SWIFT_VERSION = 5.0;
				TARGETED_DEVICE_FAMILY = "1,2";
				TEST_HOST = "$(BUILT_PRODUCTS_DIR)/SwiftUI-ToDoList.app/$(BUNDLE_EXECUTABLE_FOLDER_PATH)/SwiftUI-ToDoList";
			};
			name = Release;
		};
		D399EE822CF3A9E800C3BE71 /* Debug */ = {
			isa = XCBuildConfiguration;
			buildSettings = {
				CODE_SIGN_STYLE = Automatic;
				CURRENT_PROJECT_VERSION = 1;
				DEVELOPMENT_TEAM = 434X5NLQGF;
				GENERATE_INFOPLIST_FILE = YES;
				MARKETING_VERSION = 1.0;
				PRODUCT_BUNDLE_IDENTIFIER = "com.iamageo.SwiftUI-ToDoListUITests";
				PRODUCT_NAME = "$(TARGET_NAME)";
				SWIFT_EMIT_LOC_STRINGS = NO;
				SWIFT_VERSION = 5.0;
				TARGETED_DEVICE_FAMILY = "1,2";
				TEST_TARGET_NAME = "SwiftUI-ToDoList";
			};
			name = Debug;
		};
		D399EE832CF3A9E800C3BE71 /* Release */ = {
			isa = XCBuildConfiguration;
			buildSettings = {
				CODE_SIGN_STYLE = Automatic;
				CURRENT_PROJECT_VERSION = 1;
				DEVELOPMENT_TEAM = 434X5NLQGF;
				GENERATE_INFOPLIST_FILE = YES;
				MARKETING_VERSION = 1.0;
				PRODUCT_BUNDLE_IDENTIFIER = "com.iamageo.SwiftUI-ToDoListUITests";
				PRODUCT_NAME = "$(TARGET_NAME)";
				SWIFT_EMIT_LOC_STRINGS = NO;
				SWIFT_VERSION = 5.0;
				TARGETED_DEVICE_FAMILY = "1,2";
				TEST_TARGET_NAME = "SwiftUI-ToDoList";
			};
			name = Release;
		};
/* End XCBuildConfiguration section */

/* Begin XCConfigurationList section */
		D399EE522CF3A9E600C3BE71 /* Build configuration list for PBXProject "SwiftUI-ToDoList" */ = {
			isa = XCConfigurationList;
			buildConfigurations = (
				D399EE792CF3A9E800C3BE71 /* Debug */,
				D399EE7A2CF3A9E800C3BE71 /* Release */,
			);
			defaultConfigurationIsVisible = 0;
			defaultConfigurationName = Release;
		};
		D399EE7B2CF3A9E800C3BE71 /* Build configuration list for PBXNativeTarget "SwiftUI-ToDoList" */ = {
			isa = XCConfigurationList;
			buildConfigurations = (
				D399EE7C2CF3A9E800C3BE71 /* Debug */,
				D399EE7D2CF3A9E800C3BE71 /* Release */,
			);
			defaultConfigurationIsVisible = 0;
			defaultConfigurationName = Release;
		};
		D399EE7E2CF3A9E800C3BE71 /* Build configuration list for PBXNativeTarget "SwiftUI-ToDoListTests" */ = {
			isa = XCConfigurationList;
			buildConfigurations = (
				D399EE7F2CF3A9E800C3BE71 /* Debug */,
				D399EE802CF3A9E800C3BE71 /* Release */,
			);
			defaultConfigurationIsVisible = 0;
			defaultConfigurationName = Release;
		};
		D399EE812CF3A9E800C3BE71 /* Build configuration list for PBXNativeTarget "SwiftUI-ToDoListUITests" */ = {
			isa = XCConfigurationList;
			buildConfigurations = (
				D399EE822CF3A9E800C3BE71 /* Debug */,
				D399EE832CF3A9E800C3BE71 /* Release */,
			);
			defaultConfigurationIsVisible = 0;
			defaultConfigurationName = Release;
		};
/* End XCConfigurationList section */
	};
	rootObject = D399EE4F2CF3A9E600C3BE71 /* Project object */;
}
